github.com/DoanRii/go-pkg-ark v0.0.0-20160809142815-447ff2af9cea h1:27uhjcQsPQ/BAhNPwGz2cysvjGUt5XbKePqfT66mm3I=
github.com/DoanRii/go-pkg-ark v0.0.0-20160809142815-447ff2af9cea/go.mod h1:HaME4BvpyWf8rgV3IIiZC6KI/4IGr8O1V7VPBbt6pr0=
github.com/google/uuid v1.3.0 h1:t6JiXgmwXMjEs8VusXIJk2BXHsn+wx8BZdTaoZ5fu7I=
github.com/google/uuid v1.3.0/go.mod h1:TIyPZe4MgqvfeYDBFedMoGGpEw/LqOeaOT+nhxU+yHo=
github.com/james4k/rcon v0.0.0-20210222224819-34a67ca2b2d6 h1:SNrbIpIMlIBYe8AQTLfsDJqlXSaEC64CjulMXzR0kS0=
github.com/james4k/rcon v0.0.0-20210222224819-34a67ca2b2d6/go.mod h1:1qNVsDcmNQDsAXYfUuF/Z0rtK5eT8x9D6Pi7S3PjXAg=
github.com/maxence-charriere/go-app/v9 v9.6.7 h1:t+wofnLjVsptBB7MNevsFymMYaMIX2hGjLdWgsIFgq4=
github.com/maxence-charriere/go-app/v9 v9.6.7/go.mod h1:UlniES44R5JoD4HsjMNrAqWXSzyw0smM0Ox+QwnO/IE=
github.com/tadvi/winc v0.0.0-20210907234902-33fdab6e7e58 h1:h0tZ6ToFW9PUGt+145I77PGTeWa75hfJBs1kw9CgMZg=
github.com/tadvi/winc v0.0.0-20210907234902-33fdab6e7e58/go.mod h1:tNBZi4sduF/C3bQE2wGTIccmErQ4A9M9QkPsICVg+oE=
